# THIS IS AN AUTOGENERATED FILE. DO NOT EDIT THIS FILE DIRECTLY.
# yarn lockfile v1


commander@2.0.0:
  version "2.0.0"
  resolved "http://npm.byted.org/commander/-/commander-2.0.0.tgz#d1b86f901f8b64bd941bdeadaf924530393be928"

csscomb-core@3.0.0-3.1:
  version "3.0.0-3.1"
  resolved "http://npm.byted.org/csscomb-core/-/csscomb-core-3.0.0-3.1.tgz#b411c8d7cfe0df3f2fe1df84d1bd64a6f0046c68"
  dependencies:
    gonzales-pe "3.0.0-28"
    minimatch "0.2.12"
    vow "0.4.4"
    vow-fs "0.3.2"

csscomb@^3.1.8:
  version "3.1.8"
  resolved "http://npm.byted.org/csscomb/-/csscomb-3.1.8.tgz#a8a738884f409baf35ec9461afc52e1c75bd23a2"
  dependencies:
    commander "2.0.0"
    csscomb-core "3.0.0-3.1"
    gonzales-pe "3.0.0-28"
    vow "0.4.4"

cssmin@^0.4.3:
  version "0.4.3"
  resolved "http://npm.byted.org/cssmin/-/cssmin-0.4.3.tgz#c9194077e0ebdacd691d5f59015b9d819f38d015"

glob@3.2.8:
  version "3.2.8"
  resolved "http://npm.byted.org/glob/-/glob-3.2.8.tgz#5506f4311721bcc618c7d8dba144188750307073"
  dependencies:
    inherits "2"
    minimatch "~0.2.11"

gonzales-pe@3.0.0-28:
  version "3.0.0-28"
  resolved "http://npm.byted.org/gonzales-pe/-/gonzales-pe-3.0.0-28.tgz#dd50b41dd15b682a28c40e5f0ff2007901ac62bd"

inherits@2:
  version "2.0.3"
  resolved "http://npm.byted.org/inherits/-/inherits-2.0.3.tgz#633c2c83e3da42a502f52466022480f4208261de"

lru-cache@2:
  version "2.7.3"
  resolved "http://npm.byted.org/lru-cache/-/lru-cache-2.7.3.tgz#6d4524e8b955f95d4f5b58851ce21dd72fb4e952"

minimatch@0.2.12, minimatch@~0.2.11:
  version "0.2.12"
  resolved "http://npm.byted.org/minimatch/-/minimatch-0.2.12.tgz#ea82a012ac662c7ddfaa144f1c147e6946f5dafb"
  dependencies:
    lru-cache "2"
    sigmund "~1.0.0"

node-uuid@1.4.0:
  version "1.4.0"
  resolved "http://npm.byted.org/node-uuid/-/node-uuid-1.4.0.tgz#07f9b2337572ff6275c775e1d48513f3a45d7a65"

sigmund@~1.0.0:
  version "1.0.1"
  resolved "http://npm.byted.org/sigmund/-/sigmund-1.0.1.tgz#3ff21f198cad2175f9f3b781853fd94d0d19b590"

vow-fs@0.3.2:
  version "0.3.2"
  resolved "http://npm.byted.org/vow-fs/-/vow-fs-0.3.2.tgz#ea2b034d85e1db8c277eb2e9a86d1c15f5d38e7a"
  dependencies:
    glob "3.2.8"
    node-uuid "1.4.0"
    vow "0.4.4"
    vow-queue "0.3.1"

vow-queue@0.3.1:
  version "0.3.1"
  resolved "http://npm.byted.org/vow-queue/-/vow-queue-0.3.1.tgz#598c51a15b0a81a6d5fc05f4761ceb462de1e868"
  dependencies:
    vow "~0.4.0"

vow@0.4.4, vow@~0.4.0:
  version "0.4.4"
  resolved "http://npm.byted.org/vow/-/vow-0.4.4.tgz#c9fe4609129d7f5aa621508ebe64b51c95bc7b98"
